
Microsoft Visual Studio Solution File, Format Version 12.00
# Visual Studio 15
VisualStudioVersion = 15.0.26730.12
MinimumVisualStudioVersion = 10.0.40219.1
Project("{FAE04EC0-301F-11D3-BF4B-00C04F79EFBC}") = "Layout", "Layout\Layout.csproj", "{FF6B734D-E0E3-4DB5-B6C1-811CAC55E632}"
EndProject
Project("{FAE04EC0-301F-11D3-BF4B-00C04F79EFBC}") = "Core", "Core\Core.csproj", "{14693D86-B8DB-473A-84B6-8103439B4557}"
EndProject
Global
	GlobalSection(SolutionConfigurationPlatforms) = preSolution
		Debug|Any CPU = Debug|Any CPU
		Debug|ARM = Debug|ARM
		Debug|x64 = Debug|x64
		Debug|x86 = Debug|x86
		Release|Any CPU = Release|Any CPU
		Release|ARM = Release|ARM
		Release|x64 = Release|x64
		Release|x86 = Release|x86
	EndGlobalSection
	GlobalSection(ProjectConfigurationPlatforms) = postSolution
		{FF6B734D-E0E3-4DB5-B6C1-811CAC55E632}.Debug|Any CPU.ActiveCfg = Debug|x86
		{FF6B734D-E0E3-4DB5-B6C1-811CAC55E632}.Debug|ARM.ActiveCfg = Debug|ARM
		{FF6B734D-E0E3-4DB5-B6C1-811CAC55E632}.Debug|ARM.Build.0 = Debug|ARM
		{FF6B734D-E0E3-4DB5-B6C1-811CAC55E632}.Debug|ARM.Deploy.0 = Debug|ARM
		{FF6B734D-E0E3-4DB5-B6C1-811CAC55E632}.Debug|x64.ActiveCfg = Debug|x64
		{FF6B734D-E0E3-4DB5-B6C1-811CAC55E632}.Debug|x64.Build.0 = Debug|x64
		{FF6B734D-E0E3-4DB5-B6C1-811CAC55E632}.Debug|x64.Deploy.0 = Debug|x64
		{FF6B734D-E0E3-4DB5-B6C1-811CAC55E632}.Debug|x86.ActiveCfg = Debug|x86
		{FF6B734D-E0E3-4DB5-B6C1-811CAC55E632}.Debug|x86.Build.0 = Debug|x86
		{FF6B734D-E0E3-4DB5-B6C1-811CAC55E632}.Debug|x86.Deploy.0 = Debug|x86
		{FF6B734D-E0E3-4DB5-B6C1-811CAC55E632}.Release|Any CPU.ActiveCfg = Release|x86
		{FF6B734D-E0E3-4DB5-B6C1-811CAC55E632}.Release|ARM.ActiveCfg = Release|ARM
		{FF6B734D-E0E3-4DB5-B6C1-811CAC55E632}.Release|ARM.Build.0 = Release|ARM
		{FF6B734D-E0E3-4DB5-B6C1-811CAC55E632}.Release|ARM.Deploy.0 = Release|ARM
		{FF6B734D-E0E3-4DB5-B6C1-811CAC55E632}.Release|x64.ActiveCfg = Release|x64
		{FF6B734D-E0E3-4DB5-B6C1-811CAC55E632}.Release|x64.Build.0 = Release|x64
		{FF6B734D-E0E3-4DB5-B6C1-811CAC55E632}.Release|x64.Deploy.0 = Release|x64
		{FF6B734D-E0E3-4DB5-B6C1-811CAC55E632}.Release|x86.ActiveCfg = Release|x86
		{FF6B734D-E0E3-4DB5-B6C1-811CAC55E632}.Release|x86.Build.0 = Release|x86
		{FF6B734D-E0E3-4DB5-B6C1-811CAC55E632}.Release|x86.Deploy.0 = Release|x86
		{14693D86-B8DB-473A-84B6-8103439B4557}.Debug|Any CPU.ActiveCfg = Debug|Any CPU
		{14693D86-B8DB-473A-84B6-8103439B4557}.Debug|Any CPU.Build.0 = Debug|Any CPU
		{14693D86-B8DB-473A-84B6-8103439B4557}.Debug|ARM.ActiveCfg = Debug|ARM
		{14693D86-B8DB-473A-84B6-8103439B4557}.Debug|ARM.Build.0 = Debug|ARM
		{14693D86-B8DB-473A-84B6-8103439B4557}.Debug|x64.ActiveCfg = Debug|x64
		{14693D86-B8DB-473A-84B6-8103439B4557}.Debug|x64.Build.0 = Debug|x64
		{14693D86-B8DB-473A-84B6-8103439B4557}.Debug|x86.ActiveCfg = Debug|x86
		{14693D86-B8DB-473A-84B6-8103439B4557}.Debug|x86.Build.0 = Debug|x86
		{14693D86-B8DB-473A-84B6-8103439B4557}.Release|Any CPU.ActiveCfg = Release|Any CPU
		{14693D86-B8DB-473A-84B6-8103439B4557}.Release|Any CPU.Build.0 = Release|Any CPU
		{14693D86-B8DB-473A-84B6-8103439B4557}.Release|ARM.ActiveCfg = Release|ARM
		{14693D86-B8DB-473A-84B6-8103439B4557}.Release|ARM.Build.0 = Release|ARM
		{14693D86-B8DB-473A-84B6-8103439B4557}.Release|x64.ActiveCfg = Release|x64
		{14693D86-B8DB-473A-84B6-8103439B4557}.Release|x64.Build.0 = Release|x64
		{14693D86-B8DB-473A-84B6-8103439B4557}.Release|x86.ActiveCfg = Release|x86
		{14693D86-B8DB-473A-84B6-8103439B4557}.Release|x86.Build.0 = Release|x86
	EndGlobalSection
	GlobalSection(SolutionProperties) = preSolution
		HideSolutionNode = FALSE
	EndGlobalSection
	GlobalSection(ExtensibilityGlobals) = postSolution
		SolutionGuid = {0A8748E1-513E-4C35-A85A-1CE77976676F}
	EndGlobalSection
EndGlobal
